<?xml version="1.0" encoding="utf-8"?>
<Project ToolsVersion="4.0" xmlns="http://schemas.microsoft.com/developer/msbuild/2003">
  <ItemGroup>
    <Filter Include="源文件">
      <UniqueIdentifier>{4FC737F1-C7A5-4376-A066-2A32D752A2FF}</UniqueIdentifier>
      <Extensions>cpp;c;cc;cxx;def;odl;idl;hpj;bat;asm;asmx</Extensions>
    </Filter>
    <Filter Include="头文件">
      <UniqueIdentifier>{93995380-89BD-4b04-88EB-625FBE52EBFB}</UniqueIdentifier>
      <Extensions>h;hpp;hxx;hm;inl;inc;xsd</Extensions>
    </Filter>
    <Filter Include="资源文件">
      <UniqueIdentifier>{67DA6AB6-F800-4c08-8B7A-83BB121AAD01}</UniqueIdentifier>
      <Extensions>rc;ico;cur;bmp;dlg;rc2;rct;bin;rgs;gif;jpg;jpeg;jpe;resx;tiff;tif;png;wav;mfcribbon-ms</Extensions>
    </Filter>
  </ItemGroup>
  <ItemGroup>
    <Text Include="ReadMe.txt" />
  </ItemGroup>
  <ItemGroup>
    <ClInclude Include="court.h">
      <Filter>头文件</Filter>
    </ClInclude>
    <ClInclude Include="courtDlg.h">
      <Filter>头文件</Filter>
    </ClInclude>
    <ClInclude Include="stdafx.h">
      <Filter>头文件</Filter>
    </ClInclude>
    <ClInclude Include="targetver.h">
      <Filter>头文件</Filter>
    </ClInclude>
    <ClInclude Include="Resource.h">
      <Filter>头文件</Filter>
    </ClInclude>
    <ClInclude Include="Resource\Com\ClientFactory.h">
      <Filter>头文件</Filter>
    </ClInclude>
    <ClInclude Include="Resource\Com\IRSClient.h">
      <Filter>头文件</Filter>
    </ClInclude>
    <ClInclude Include="Resource\Com\IRSTCPLogicClient.h">
      <Filter>头文件</Filter>
    </ClInclude>
    <ClInclude Include="Resource\Com\Config.h">
      <Filter>头文件</Filter>
    </ClInclude>
    <ClInclude Include="DlgPMosaicScreenADScreen.h">
      <Filter>头文件</Filter>
    </ClInclude>
    <ClInclude Include="Resource\UIBase\FlatButton.h">
      <Filter>头文件</Filter>
    </ClInclude>
    <ClInclude Include="TempletArithmetic\16x9TempletNormal.h">
      <Filter>头文件</Filter>
    </ClInclude>
    <ClInclude Include="TempletArithmetic\TempletAALang.h">
      <Filter>头文件</Filter>
    </ClInclude>
    <ClInclude Include="TempletArithmetic\TempletArithmetic.h">
      <Filter>头文件</Filter>
    </ClInclude>
    <ClInclude Include="TempletArithmetic\TempletArithmeticFactory.h">
      <Filter>头文件</Filter>
    </ClInclude>
    <ClInclude Include="TempletArithmetic\TempletFree.h">
      <Filter>头文件</Filter>
    </ClInclude>
    <ClInclude Include="TempletArithmetic\TempletNormal.h">
      <Filter>头文件</Filter>
    </ClInclude>
    <ClInclude Include="ConferenceWinDlg.h">
      <Filter>头文件</Filter>
    </ClInclude>
    <ClInclude Include="BaseDlg.h">
      <Filter>头文件</Filter>
    </ClInclude>
    <ClInclude Include="UserDlg.h">
      <Filter>头文件</Filter>
    </ClInclude>
    <ClInclude Include="Resource\UtilBase\VideoDropTarget.h">
      <Filter>头文件</Filter>
    </ClInclude>
    <ClInclude Include="DrawingObject.h">
      <Filter>头文件</Filter>
    </ClInclude>
  </ItemGroup>
  <ItemGroup>
    <ClCompile Include="court.cpp">
      <Filter>源文件</Filter>
    </ClCompile>
    <ClCompile Include="courtDlg.cpp">
      <Filter>源文件</Filter>
    </ClCompile>
    <ClCompile Include="stdafx.cpp">
      <Filter>源文件</Filter>
    </ClCompile>
    <ClCompile Include="Resource\Com\ClientFactory.cpp">
      <Filter>源文件</Filter>
    </ClCompile>
    <ClCompile Include="Resource\Com\IRSTCPLogicClient.cpp">
      <Filter>源文件</Filter>
    </ClCompile>
    <ClCompile Include="Resource\Com\Config.cpp">
      <Filter>源文件</Filter>
    </ClCompile>
    <ClCompile Include="DlgMosaicScreenPADScreen.cpp">
      <Filter>源文件</Filter>
    </ClCompile>
    <ClCompile Include="Resource\UIBase\FlatButton.cpp">
      <Filter>源文件</Filter>
    </ClCompile>
    <ClCompile Include="TempletArithmetic\16x9TempletNormal.cpp">
      <Filter>源文件</Filter>
    </ClCompile>
    <ClCompile Include="TempletArithmetic\TempletAALang.cpp">
      <Filter>源文件</Filter>
    </ClCompile>
    <ClCompile Include="TempletArithmetic\TempletArithmeticFactory.cpp">
      <Filter>源文件</Filter>
    </ClCompile>
    <ClCompile Include="TempletArithmetic\TempletFree.cpp">
      <Filter>源文件</Filter>
    </ClCompile>
    <ClCompile Include="TempletArithmetic\TempletNormal.cpp">
      <Filter>源文件</Filter>
    </ClCompile>
    <ClCompile Include="ConferenceWinDlg.cpp">
      <Filter>源文件</Filter>
    </ClCompile>
    <ClCompile Include="BaseDlg.cpp">
      <Filter>源文件</Filter>
    </ClCompile>
    <ClCompile Include="UserDlg.cpp">
      <Filter>源文件</Filter>
    </ClCompile>
    <ClCompile Include="Resource\UtilBase\VideoDropTarget.cpp">
      <Filter>源文件</Filter>
    </ClCompile>
    <ClCompile Include="DrawingObject.cpp">
      <Filter>源文件</Filter>
    </ClCompile>
  </ItemGroup>
  <ItemGroup>
    <ResourceCompile Include="court.rc">
      <Filter>资源文件</Filter>
    </ResourceCompile>
  </ItemGroup>
  <ItemGroup>
    <None Include="res\court.rc2">
      <Filter>资源文件</Filter>
    </None>
  </ItemGroup>
  <ItemGroup>
    <Image Include="res\court.ico">
      <Filter>资源文件</Filter>
    </Image>
  </ItemGroup>
</Project>